
Microsoft Visual Studio Solution File, Format Version 12.00
# Visual Studio Version 17
VisualStudioVersion = 17.10.34928.147
MinimumVisualStudioVersion = 10.0.40219.1
Project("{FAE04EC0-301F-11D3-BF4B-00C04F79EFBC}") = "ibikeNet", "ibikeNet\ibikeNet.csproj", "{DE2F9296-6A35-4CEB-8BF4-DE662C05D46C}"
EndProject
Global
	GlobalSection(SolutionConfigurationPlatforms) = preSolution
		Debug|Any CPU = Debug|Any CPU
		Release|Any CPU = Release|Any CPU
	EndGlobalSection
	GlobalSection(ProjectConfigurationPlatforms) = postSolution
		{DE2F9296-6A35-4CEB-8BF4-DE662C05D46C}.Debug|Any CPU.ActiveCfg = Debug|Any CPU
		{DE2F9296-6A35-4CEB-8BF4-DE662C05D46C}.Debug|Any CPU.Build.0 = Debug|Any CPU
		{DE2F9296-6A35-4CEB-8BF4-DE662C05D46C}.Release|Any CPU.ActiveCfg = Release|Any CPU
		{DE2F9296-6A35-4CEB-8BF4-DE662C05D46C}.Release|Any CPU.Build.0 = Release|Any CPU
	EndGlobalSection
	GlobalSection(SolutionProperties) = preSolution
		HideSolutionNode = FALSE
	EndGlobalSection
	GlobalSection(ExtensibilityGlobals) = postSolution
		SolutionGuid = {D2E37B09-C2E2-4403-885E-42D5FBE4E7DF}
	EndGlobalSection
EndGlobal
